# codex.lock — generated by `mm-cli codex lock`; commit this file.
#
# It records every module's version and content hash so that a change
# without a version bump is caught by `codex lock --check` and
# `codex verify`. Regenerate it with `mm-cli codex lock` after an
# intentional change, and review the diff as part of the change.
schema = 1
graph_hash = "57c7930bcbb857662b136a8c16b878e6a91e3e2ef4c5e62b75e578ec5b9d3789"

[[module]]
uri = "https://metamind.dev/code/module/cognition/being"
path = "modules/cognition/being"
version = "0.1.0"
content_hash = "539bd2b3637a44a10ff79c8518c93b42566fb154789d93416f2e941a761ca3da"
capabilities = ["mm:BeingState"]

[[module]]
uri = "https://metamind.dev/code/module/crates/mm-being"
path = "crates/mm-being"
version = "0.1.0"
content_hash = "199df3ff1ca43327efae8f9f0965613a849c1722c528cf0442f3e28c62fd6966"
capabilities = ["mm:BeingState"]

[[module]]
uri = "https://metamind.dev/code/module/crates/mm-cli"
path = "crates/mm-cli"
version = "0.1.0"
content_hash = "9c494efc6a61afcca7f10ccdd9c52be5b7b10c4e1f312c08a371142891d47134"
capabilities = ["mm:MmCli"]

[[module]]
uri = "https://metamind.dev/code/module/crates/mm-codex"
path = "crates/mm-codex"
version = "0.1.0"
content_hash = "8d32cecb63e2572478020cc2082d475a7a6e6fd57554c25bc9871fa31de84429"
capabilities = ["mm:MmCodex"]

[[module]]
uri = "https://metamind.dev/code/module/crates/mm-core"
path = "crates/mm-core"
version = "0.1.0"
content_hash = "43728db71642cf4cd4fafbe9894176016c123c1e0130b6aea95ce61a650bca4a"
capabilities = ["mm:MmCore"]

[[module]]
uri = "https://metamind.dev/code/module/crates/mm-eventlog"
path = "crates/mm-eventlog"
version = "0.1.0"
content_hash = "e8ec8e520433b8f8df4d982a326b6e274c385ceafddf798fe7549b3d1d21f33d"
capabilities = ["mm:MmEventlog"]

[[module]]
uri = "https://metamind.dev/code/module/crates/mm-llm"
path = "crates/mm-llm"
version = "0.1.0"
content_hash = "a0d155a788af1feea41605cc48e6b1854674233000aa408d51e4c42bd5d9d01b"
capabilities = ["mm:MmLlm"]

[[module]]
uri = "https://metamind.dev/code/module/crates/mm-log"
path = "crates/mm-log"
version = "0.1.0"
content_hash = "569535ada76016e48f70cf1b5b6f726de1d8e7d03377d9d93937de60d8fd98d4"
capabilities = ["mm:MmLog"]

[[module]]
uri = "https://metamind.dev/code/module/crates/mm-store-graph"
path = "crates/mm-store-graph"
version = "0.1.0"
content_hash = "d90fcb50975a3743da0ce6e1c6adfcca185919e3ef833fff5d7d431df2666529"
capabilities = ["mm:MmStoreGraph"]

[[module]]
uri = "https://metamind.dev/code/module/crates/mm-store-sqlite"
path = "crates/mm-store-sqlite"
version = "0.1.0"
content_hash = "3f39541cf899832ee265d5b7f39fe5c5fb4a097db02d7e9aac29cf424e8a5b9e"
capabilities = ["mm:MmStoreSqlite"]

[[module]]
uri = "https://metamind.dev/code/module/system/kernel-bootstrap"
path = "modules/system/kernel-bootstrap"
version = "0.1.0"
content_hash = "e2abed1481beb89ad1e08d1b91f87f3589289cc784197d45979d0898b772d3ef"
capabilities = ["mm:KernelBootstrap"]

[[module]]
uri = "https://metamind.dev/code/module/tests/e2e"
path = "tests/e2e"
version = "0.1.0"
content_hash = "a0f47dc1c0c9dfd9b004c4be96b5f3a17b1e289ede313dddead692a2aed8112d"
capabilities = ["mm:MmE2e"]

[[module]]
uri = "https://metamind.dev/code/module/vendor/rust_symbolic/math-core"
path = "vendor/rust_symbolic/math-core"
version = "0.1.0"
content_hash = "92a65b6767ce3ec8f5c9679acae39b6fb0ceb7ec26687e5e649c3df704f976ae"
capabilities = ["mm:MathCore"]

[[module]]
uri = "https://metamind.dev/code/module/vendor/rust_symbolic/math-types"
path = "vendor/rust_symbolic/math-types"
version = "0.1.0"
content_hash = "56cb726880b064a33ed33fdda8d74add4135e094b232cc6d33e28d7199ba2d3a"
capabilities = ["mm:MathTypes"]

[[module]]
uri = "https://metamind.dev/code/module/vendor/rust_symbolic/rdf-codec"
path = "vendor/rust_symbolic/rdf-codec"
version = "0.1.0"
content_hash = "99138561e57e3a59272c646caa25ef95050b80b69a209ae8068226eac0b44932"
capabilities = ["mm:RdfCodec"]

[[module]]
uri = "https://metamind.dev/code/module/vendor/rust_symbolic/rdf-shacl"
path = "vendor/rust_symbolic/rdf-shacl"
version = "0.1.0"
content_hash = "ba0b4e0a12ecf35b11ca0505e4d2557e2c46a329e03fddf71ed555f592c4af21"
capabilities = ["mm:RdfShacl"]
